github.com/joho/godotenv v1.5.1 h1:7eLL/+HRGLY0ldzfGMeQkb7vMd0as4CfYvUVzLqw0N0=
github.com/joho/godotenv v1.5.1/go.mod h1:f4LDr5Voq0i2e/R5DDNOoa2zzDfwtkZa6DnEwAbqwq4=
github.com/twpayne/go-proj/v11 v11.0.0 h1:jkGRE2DOwxhbn2hPnps1wNepdCgA8JB/K8rJosVR2jM=
github.com/twpayne/go-proj/v11 v11.0.0/go.mod h1:2qEvCqcSQqaKRxHc8K6F5THAzS/SVknfWVPnTHFqE3M=
